
Microsoft Visual Studio Solution File, Format Version 12.00
# Visual Studio Version 17
VisualStudioVersion = 17.7.34024.191
MinimumVisualStudioVersion = 10.0.40219.1
Project("{FAE04EC0-301F-11D3-BF4B-00C04F79EFBC}") = "LateLab2", "LateLab2.csproj", "{F6587D7D-97B6-4841-AE70-CCAC7971BAAC}"
EndProject
Global
	GlobalSection(SolutionConfigurationPlatforms) = preSolution
		Debug|Any CPU = Debug|Any CPU
		Release|Any CPU = Release|Any CPU
	EndGlobalSection
	GlobalSection(ProjectConfigurationPlatforms) = postSolution
		{F6587D7D-97B6-4841-AE70-CCAC7971BAAC}.Debug|Any CPU.ActiveCfg = Debug|Any CPU
		{F6587D7D-97B6-4841-AE70-CCAC7971BAAC}.Debug|Any CPU.Build.0 = Debug|Any CPU
		{F6587D7D-97B6-4841-AE70-CCAC7971BAAC}.Release|Any CPU.ActiveCfg = Release|Any CPU
		{F6587D7D-97B6-4841-AE70-CCAC7971BAAC}.Release|Any CPU.Build.0 = Release|Any CPU
	EndGlobalSection
	GlobalSection(SolutionProperties) = preSolution
		HideSolutionNode = FALSE
	EndGlobalSection
	GlobalSection(ExtensibilityGlobals) = postSolution
		SolutionGuid = {62497C8C-6E8A-459A-BD66-E87DA1B03CAD}
	EndGlobalSection
EndGlobal
